
Microsoft Visual Studio Solution File, Format Version 12.00
# Visual Studio Version 17
VisualStudioVersion = 17.9.34902.65
MinimumVisualStudioVersion = 10.0.40219.1
Project("{FAE04EC0-301F-11D3-BF4B-00C04F79EFBC}") = "LeaveManagementSystem.Web", "LeaveManagementSystem.Web\LeaveManagementSystem.Web.csproj", "{C3746736-87CC-44AD-85EB-206A41CF33ED}"
EndProject
Global
	GlobalSection(SolutionConfigurationPlatforms) = preSolution
		Debug|Any CPU = Debug|Any CPU
		Release|Any CPU = Release|Any CPU
	EndGlobalSection
	GlobalSection(ProjectConfigurationPlatforms) = postSolution
		{C3746736-87CC-44AD-85EB-206A41CF33ED}.Debug|Any CPU.ActiveCfg = Debug|Any CPU
		{C3746736-87CC-44AD-85EB-206A41CF33ED}.Debug|Any CPU.Build.0 = Debug|Any CPU
		{C3746736-87CC-44AD-85EB-206A41CF33ED}.Release|Any CPU.ActiveCfg = Release|Any CPU
		{C3746736-87CC-44AD-85EB-206A41CF33ED}.Release|Any CPU.Build.0 = Release|Any CPU
	EndGlobalSection
	GlobalSection(SolutionProperties) = preSolution
		HideSolutionNode = FALSE
	EndGlobalSection
	GlobalSection(ExtensibilityGlobals) = postSolution
		SolutionGuid = {193FFC90-DE23-49BF-A224-A9389CB38798}
	EndGlobalSection
EndGlobal
